
Microsoft Visual Studio Solution File, Format Version 12.00
# Visual Studio 15
VisualStudioVersion = 15.0.27703.2042
MinimumVisualStudioVersion = 10.0.40219.1
Project("{FAE04EC0-301F-11D3-BF4B-00C04F79EFBC}") = "Studio_Class13_MVS", "Studio_Class13_MVS\Studio_Class13_MVS.csproj", "{61398CBE-FEB3-4A22-9BB1-E89A4FE9332C}"
EndProject
Global
	GlobalSection(SolutionConfigurationPlatforms) = preSolution
		Debug|Any CPU = Debug|Any CPU
		Release|Any CPU = Release|Any CPU
	EndGlobalSection
	GlobalSection(ProjectConfigurationPlatforms) = postSolution
		{61398CBE-FEB3-4A22-9BB1-E89A4FE9332C}.Debug|Any CPU.ActiveCfg = Debug|Any CPU
		{61398CBE-FEB3-4A22-9BB1-E89A4FE9332C}.Debug|Any CPU.Build.0 = Debug|Any CPU
		{61398CBE-FEB3-4A22-9BB1-E89A4FE9332C}.Release|Any CPU.ActiveCfg = Release|Any CPU
		{61398CBE-FEB3-4A22-9BB1-E89A4FE9332C}.Release|Any CPU.Build.0 = Release|Any CPU
	EndGlobalSection
	GlobalSection(SolutionProperties) = preSolution
		HideSolutionNode = FALSE
	EndGlobalSection
	GlobalSection(ExtensibilityGlobals) = postSolution
		SolutionGuid = {1A5F1B73-E5DC-4CD2-A1BC-C94617D3449C}
	EndGlobalSection
EndGlobal
